// !$*UTF8*$!
{
	archiveVersion = 1;
	classes = {
	};
	objectVersion = 48;
	objects = {

/* Begin PBXBuildFile section */
		DE867AD120461053004CD3D2 /* AppDelegate.swift in Sources */ = {isa = PBXBuildFile; fileRef = DE867AD020461053004CD3D2 /* AppDelegate.swift */; };
		DE867AD320461053004CD3D2 /* ViewController.swift in Sources */ = {isa = PBXBuildFile; fileRef = DE867AD220461053004CD3D2 /* ViewController.swift */; };
		DE867AD620461053004CD3D2 /* Main.storyboard in Resources */ = {isa = PBXBuildFile; fileRef = DE867AD420461053004CD3D2 /* Main.storyboard */; };
		DE867AD820461053004CD3D2 /* Assets.xcassets in Resources */ = {isa = PBXBuildFile; fileRef = DE867AD720461053004CD3D2 /* Assets.xcassets */; };
		DE867ADB20461054004CD3D2 /* LaunchScreen.storyboard in Resources */ = {isa = PBXBuildFile; fileRef = DE867AD920461054004CD3D2 /* LaunchScreen.storyboard */; };
		DE867AE720462486004CD3D2 /* cross.png in Resources */ = {isa = PBXBuildFile; fileRef = DE867AE420462485004CD3D2 /* cross.png */; };
		DE867AE820462486004CD3D2 /* board.png in Resources */ = {isa = PBXBuildFile; fileRef = DE867AE520462485004CD3D2 /* board.png */; };
		DE867AE920462486004CD3D2 /* nought.png in Resources */ = {isa = PBXBuildFile; fileRef = DE867AE620462486004CD3D2 /* nought.png */; };
/* End PBXBuildFile section */

/* Begin PBXFileReference section */
		DE867ACD20461053004CD3D2 /* PerTicTacToe.app */ = {isa = PBXFileReference; explicitFileType = wrapper.application; includeInIndex = 0; path = PerTicTacToe.app; sourceTree = BUILT_PRODUCTS_DIR; };
		DE867AD020461053004CD3D2 /* AppDelegate.swift */ = {isa = PBXFileReference; lastKnownFileType = sourcecode.swift; path = AppDelegate.swift; sourceTree = "<group>"; };
		DE867AD220461053004CD3D2 /* ViewController.swift */ = {isa = PBXFileReference; lastKnownFileType = sourcecode.swift; path = ViewController.swift; sourceTree = "<group>"; };
		DE867AD520461053004CD3D2 /* Base */ = {isa = PBXFileReference; lastKnownFileType = file.storyboard; name = Base; path = Base.lproj/Main.storyboard; sourceTree = "<group>"; };
		DE867AD720461053004CD3D2 /* Assets.xcassets */ = {isa = PBXFileReference; lastKnownFileType = folder.assetcatalog; path = Assets.xcassets; sourceTree = "<group>"; };
		DE867ADA20461054004CD3D2 /* Base */ = {isa = PBXFileReference; lastKnownFileType = file.storyboard; name = Base; path = Base.lproj/LaunchScreen.storyboard; sourceTree = "<group>"; };
		DE867ADC20461054004CD3D2 /* Info.plist */ = {isa = PBXFileReference; lastKnownFileType = text.plist.xml; path = Info.plist; sourceTree = "<group>"; };
		DE867AE420462485004CD3D2 /* cross.png */ = {isa = PBXFileReference; lastKnownFileType = image.png; path = cross.png; sourceTree = "<group>"; };
		DE867AE520462485004CD3D2 /* board.png */ = {isa = PBXFileReference; lastKnownFileType = image.png; path = board.png; sourceTree = "<group>"; };
		DE867AE620462486004CD3D2 /* nought.png */ = {isa = PBXFileReference; lastKnownFileType = image.png; path = nought.png; sourceTree = "<group>"; };
/* End PBXFileReference section */

/* Begin PBXFrameworksBuildPhase section */
		DE867ACA20461053004CD3D2 /* Frameworks */ = {
			isa = PBXFrameworksBuildPhase;
			buildActionMask = 2147483647;
			files = (
			);
			runOnlyForDeploymentPostprocessing = 0;
		};
/* End PBXFrameworksBuildPhase section */

/* Begin PBXGroup section */
		DE867AC420461053004CD3D2 = {
			isa = PBXGroup;
			children = (
				DE867ACF20461053004CD3D2 /* PerTicTacToe */,
				DE867ACE20461053004CD3D2 /* Products */,
			);
			sourceTree = "<group>";
		};
		DE867ACE20461053004CD3D2 /* Products */ = {
			isa = PBXGroup;
			children = (
				DE867ACD20461053004CD3D2 /* PerTicTacToe.app */,
			);
			name = Products;
			sourceTree = "<group>";
		};
		DE867ACF20461053004CD3D2 /* PerTicTacToe */ = {
			isa = PBXGroup;
			children = (
				DE867AD020461053004CD3D2 /* AppDelegate.swift */,
				DE867AD220461053004CD3D2 /* ViewController.swift */,
				DE867AD420461053004CD3D2 /* Main.storyboard */,
				DE867AD720461053004CD3D2 /* Assets.xcassets */,
				DE867AE520462485004CD3D2 /* board.png */,
				DE867AE420462485004CD3D2 /* cross.png */,
				DE867AE620462486004CD3D2 /* nought.png */,
				DE867AD920461054004CD3D2 /* LaunchScreen.storyboard */,
				DE867ADC20461054004CD3D2 /* Info.plist */,
			);
			path = PerTicTacToe;
			sourceTree = "<group>";
		};
/* End PBXGroup section */

/* Begin PBXNativeTarget section */
		DE867ACC20461053004CD3D2 /* PerTicTacToe */ = {
			isa = PBXNativeTarget;
			buildConfigurationList = DE867ADF20461054004CD3D2 /* Build configuration list for PBXNativeTarget "PerTicTacToe" */;
			buildPhases = (
				DE867AC920461053004CD3D2 /* Sources */,
				DE867ACA20461053004CD3D2 /* Frameworks */,
				DE867ACB20461053004CD3D2 /* Resources */,
			);
			buildRules = (
			);
			dependencies = (
			);
			name = PerTicTacToe;
			productName = PerTicTacToe;
			productReference = DE867ACD20461053004CD3D2 /* PerTicTacToe.app */;
			productType = "com.apple.product-type.application";
		};
/* End PBXNativeTarget section */

/* Begin PBXProject section */
		DE867AC520461053004CD3D2 /* Project object */ = {
			isa = PBXProject;
			attributes = {
				LastSwiftUpdateCheck = 0920;
				LastUpgradeCheck = 0920;
				ORGANIZATIONNAME = "Bettina Prophete";
				TargetAttributes = {
					DE867ACC20461053004CD3D2 = {
						CreatedOnToolsVersion = 9.2;
						ProvisioningStyle = Automatic;
					};
				};
			};
			buildConfigurationList = DE867AC820461053004CD3D2 /* Build configuration list for PBXProject "PerTicTacToe" */;
			compatibilityVersion = "Xcode 8.0";
			developmentRegion = en;
			hasScannedForEncodings = 0;
			knownRegions = (
				en,
				Base,
			);
			mainGroup = DE867AC420461053004CD3D2;
			productRefGroup = DE867ACE20461053004CD3D2 /* Products */;
			projectDirPath = "";
			projectRoot = "";
			targets = (
				DE867ACC20461053004CD3D2 /* PerTicTacToe */,
			);
		};
/* End PBXProject section */

/* Begin PBXResourcesBuildPhase section */
		DE867ACB20461053004CD3D2 /* Resources */ = {
			isa = PBXResourcesBuildPhase;
			buildActionMask = 2147483647;
			files = (
				DE867ADB20461054004CD3D2 /* LaunchScreen.storyboard in Resources */,
				DE867AD820461053004CD3D2 /* Assets.xcassets in Resources */,
				DE867AE920462486004CD3D2 /* nought.png in Resources */,
				DE867AE720462486004CD3D2 /* cross.png in Resources */,
				DE867AE820462486004CD3D2 /* board.png in Resources */,
				DE867AD620461053004CD3D2 /* Main.storyboard in Resources */,
			);
			runOnlyForDeploymentPostprocessing = 0;
		};
/* End PBXResourcesBuildPhase section */

/* Begin PBXSourcesBuildPhase section */
		DE867AC920461053004CD3D2 /* Sources */ = {
			isa = PBXSourcesBuildPhase;
			buildActionMask = 2147483647;
			files = (
				DE867AD320461053004CD3D2 /* ViewController.swift in Sources */,
				DE867AD120461053004CD3D2 /* AppDelegate.swift in Sources */,
			);
			runOnlyForDeploymentPostprocessing = 0;
		};
/* End PBXSourcesBuildPhase section */

/* Begin PBXVariantGroup section */
		DE867AD420461053004CD3D2 /* Main.storyboard */ = {
			isa = PBXVariantGroup;
			children = (
				DE867AD520461053004CD3D2 /* Base */,
			);
			name = Main.storyboard;
			sourceTree = "<group>";
		};
		DE867AD920461054004CD3D2 /* LaunchScreen.storyboard */ = {
			isa = PBXVariantGroup;
			children = (
				DE867ADA20461054004CD3D2 /* Base */,
			);
			name = LaunchScreen.storyboard;
			sourceTree = "<group>";
		};
/* End PBXVariantGroup section */

/* Begin XCBuildConfiguration section */
		DE867ADD20461054004CD3D2 /* Debug */ = {
			isa = XCBuildConfiguration;
			buildSettings = {
				ALWAYS_SEARCH_USER_PATHS = NO;
				CLANG_ANALYZER_NONNULL = YES;
				CLANG_ANALYZER_NUMBER_OBJECT_CONVERSION = YES_AGGRESSIVE;
				CLANG_CXX_LANGUAGE_STANDARD = "gnu++14";
				CLANG_CXX_LIBRARY = "libc++";
				CLANG_ENABLE_MODULES = YES;
				CLANG_ENABLE_OBJC_ARC = YES;
				CLANG_WARN_BLOCK_CAPTURE_AUTORELEASING = YES;
				CLANG_WARN_BOOL_CONVERSION = YES;
				CLANG_WARN_COMMA = YES;
				CLANG_WARN_CONSTANT_CONVERSION = YES;
				CLANG_WARN_DIRECT_OBJC_ISA_USAGE = YES_ERROR;
				CLANG_WARN_DOCUMENTATION_COMMENTS = YES;
				CLANG_WARN_EMPTY_BODY = YES;
				CLANG_WARN_ENUM_CONVERSION = YES;
				CLANG_WARN_INFINITE_RECURSION = YES;
				CLANG_WARN_INT_CONVERSION = YES;
				CLANG_WARN_NON_LITERAL_NULL_CONVERSION = YES;
				CLANG_WARN_OBJC_LITERAL_CONVERSION = YES;
				CLANG_WARN_OBJC_ROOT_CLASS = YES_ERROR;
				CLANG_WARN_RANGE_LOOP_ANALYSIS = YES;
				CLANG_WARN_STRICT_PROTOTYPES = YES;
				CLANG_WARN_SUSPICIOUS_MOVE = YES;
				CLANG_WARN_UNGUARDED_AVAILABILITY = YES_AGGRESSIVE;
				CLANG_WARN_UNREACHABLE_CODE = YES;
				CLANG_WARN__DUPLICATE_METHOD_MATCH = YES;
				CODE_SIGN_IDENTITY = "iPhone Developer";
				COPY_PHASE_STRIP = NO;
				DEBUG_INFORMATION_FORMAT = dwarf;
				ENABLE_STRICT_OBJC_MSGSEND = YES;
				ENABLE_TESTABILITY = YES;
				GCC_C_LANGUAGE_STANDARD = gnu11;
				GCC_DYNAMIC_NO_PIC = NO;
				GCC_NO_COMMON_BLOCKS = YES;
				GCC_OPTIMIZATION_LEVEL = 0;
				GCC_PREPROCESSOR_DEFINITIONS = (
					"DEBUG=1",
					"$(inherited)",
				);
				GCC_WARN_64_TO_32_BIT_CONVERSION = YES;
				GCC_WARN_ABOUT_RETURN_TYPE = YES_ERROR;
				GCC_WARN_UNDECLARED_SELECTOR = YES;
				GCC_WARN_UNINITIALIZED_AUTOS = YES_AGGRESSIVE;
				GCC_WARN_UNUSED_FUNCTION = YES;
				GCC_WARN_UNUSED_VARIABLE = YES;
				IPHONEOS_DEPLOYMENT_TARGET = 11.2;
				MTL_ENABLE_DEBUG_INFO = YES;
				ONLY_ACTIVE_ARCH = YES;
				SDKROOT = iphoneos;
				SWIFT_ACTIVE_COMPILATION_CONDITIONS = DEBUG;
				SWIFT_OPTIMIZATION_LEVEL = "-Onone";
			};
			name = Debug;
		};
		DE867ADE20461054004CD3D2 /* Release */ = {
			isa = XCBuildConfiguration;
			buildSettings = {
				ALWAYS_SEARCH_USER_PATHS = NO;
				CLANG_ANALYZER_NONNULL = YES;
				CLANG_ANALYZER_NUMBER_OBJECT_CONVERSION = YES_AGGRESSIVE;
				CLANG_CXX_LANGUAGE_STANDARD = "gnu++14";
				CLANG_CXX_LIBRARY = "libc++";
				CLANG_ENABLE_MODULES = YES;
				CLANG_ENABLE_OBJC_ARC = YES;
				CLANG_WARN_BLOCK_CAPTURE_AUTORELEASING = YES;
				CLANG_WARN_BOOL_CONVERSION = YES;
				CLANG_WARN_COMMA = YES;
				CLANG_WARN_CONSTANT_CONVERSION = YES;
				CLANG_WARN_DIRECT_OBJC_ISA_USAGE = YES_ERROR;
				CLANG_WARN_DOCUMENTATION_COMMENTS = YES;
				CLANG_WARN_EMPTY_BODY = YES;
				CLANG_WARN_ENUM_CONVERSION = YES;
				CLANG_WARN_INFINITE_RECURSION = YES;
				CLANG_WARN_INT_CONVERSION = YES;
				CLANG_WARN_NON_LITERAL_NULL_CONVERSION = YES;
				CLANG_WARN_OBJC_LITERAL_CONVERSION = YES;
				CLANG_WARN_OBJC_ROOT_CLASS = YES_ERROR;
				CLANG_WARN_RANGE_LOOP_ANALYSIS = YES;
				CLANG_WARN_STRICT_PROTOTYPES = YES;
				CLANG_WARN_SUSPICIOUS_MOVE = YES;
				CLANG_WARN_UNGUARDED_AVAILABILITY = YES_AGGRESSIVE;
				CLANG_WARN_UNREACHABLE_CODE = YES;
				CLANG_WARN__DUPLICATE_METHOD_MATCH = YES;
				CODE_SIGN_IDENTITY = "iPhone Developer";
				COPY_PHASE_STRIP = NO;
				DEBUG_INFORMATION_FORMAT = "dwarf-with-dsym";
				ENABLE_NS_ASSERTIONS = NO;
				ENABLE_STRICT_OBJC_MSGSEND = YES;
				GCC_C_LANGUAGE_STANDARD = gnu11;
				GCC_NO_COMMON_BLOCKS = YES;
				GCC_WARN_64_TO_32_BIT_CONVERSION = YES;
				GCC_WARN_ABOUT_RETURN_TYPE = YES_ERROR;
				GCC_WARN_UNDECLARED_SELECTOR = YES;
				GCC_WARN_UNINITIALIZED_AUTOS = YES_AGGRESSIVE;
				GCC_WARN_UNUSED_FUNCTION = YES;
				GCC_WARN_UNUSED_VARIABLE = YES;
				IPHONEOS_DEPLOYMENT_TARGET = 11.2;
				MTL_ENABLE_DEBUG_INFO = NO;
				SDKROOT = iphoneos;
				SWIFT_OPTIMIZATION_LEVEL = "-Owholemodule";
				VALIDATE_PRODUCT = YES;
			};
			name = Release;
		};
		DE867AE020461054004CD3D2 /* Debug */ = {
			isa = XCBuildConfiguration;
			buildSettings = {
				ASSETCATALOG_COMPILER_APPICON_NAME = AppIcon;
				CODE_SIGN_STYLE = Automatic;
				DEVELOPMENT_TEAM = PC6SC7E96K;
				INFOPLIST_FILE = PerTicTacToe/Info.plist;
				LD_RUNPATH_SEARCH_PATHS = "$(inherited) @executable_path/Frameworks";
				PRODUCT_BUNDLE_IDENTIFIER = com.BP.PerTicTacToe;
				PRODUCT_NAME = "$(TARGET_NAME)";
				SWIFT_VERSION = 4.0;
				TARGETED_DEVICE_FAMILY = "1,2";
			};
			name = Debug;
		};
		DE867AE120461054004CD3D2 /* Release */ = {
			isa = XCBuildConfiguration;
			buildSettings = {
				ASSETCATALOG_COMPILER_APPICON_NAME = AppIcon;
				CODE_SIGN_STYLE = Automatic;
				DEVELOPMENT_TEAM = PC6SC7E96K;
				INFOPLIST_FILE = PerTicTacToe/Info.plist;
				LD_RUNPATH_SEARCH_PATHS = "$(inherited) @executable_path/Frameworks";
				PRODUCT_BUNDLE_IDENTIFIER = com.BP.PerTicTacToe;
				PRODUCT_NAME = "$(TARGET_NAME)";
				SWIFT_VERSION = 4.0;
				TARGETED_DEVICE_FAMILY = "1,2";
			};
			name = Release;
		};
/* End XCBuildConfiguration section */

/* Begin XCConfigurationList section */
		DE867AC820461053004CD3D2 /* Build configuration list for PBXProject "PerTicTacToe" */ = {
			isa = XCConfigurationList;
			buildConfigurations = (
				DE867ADD20461054004CD3D2 /* Debug */,
				DE867ADE20461054004CD3D2 /* Release */,
			);
			defaultConfigurationIsVisible = 0;
			defaultConfigurationName = Release;
		};
		DE867ADF20461054004CD3D2 /* Build configuration list for PBXNativeTarget "PerTicTacToe" */ = {
			isa = XCConfigurationList;
			buildConfigurations = (
				DE867AE020461054004CD3D2 /* Debug */,
				DE867AE120461054004CD3D2 /* Release */,
			);
			defaultConfigurationIsVisible = 0;
			defaultConfigurationName = Release;
		};
/* End XCConfigurationList section */
	};
	rootObject = DE867AC520461053004CD3D2 /* Project object */;
}
